
Microsoft Visual Studio Solution File, Format Version 12.00
# Visual Studio Version 17
VisualStudioVersion = 17.12.35514.174
MinimumVisualStudioVersion = 10.0.40219.1
Project("{FAE04EC0-301F-11D3-BF4B-00C04F79EFBC}") = "BMS.Winform", "BMS\BMS.Winform.csproj", "{B24229C3-F5D4-4DE4-8407-648ABC77D31F}"
EndProject
Project("{2150E333-8FDC-42A3-9474-1A3956D46DE8}") = "Infrastructure", "Infrastructure", "{332F45ED-BD85-4976-873D-8C6FB57A7911}"
EndProject
Project("{FAE04EC0-301F-11D3-BF4B-00C04F79EFBC}") = "BMS.Business", "BMS.Business\BMS.Business.csproj", "{7F5D3D93-86DD-4B9D-B562-DB9846874915}"
EndProject
Project("{FAE04EC0-301F-11D3-BF4B-00C04F79EFBC}") = "BMS.Repository", "BMS.Repository\BMS.Repository.csproj", "{B3C84262-FA9F-4945-80C6-610F39B7C177}"
EndProject
Project("{FAE04EC0-301F-11D3-BF4B-00C04F79EFBC}") = "BMS.WPF", "BMS.WPF\BMS.WPF.csproj", "{9906F59B-896C-462F-B419-35C43F8A2A5E}"
EndProject
Project("{2150E333-8FDC-42A3-9474-1A3956D46DE8}") = "Domain", "Domain", "{5954FE76-772F-4D98-B1CC-FD4B04E8E0A1}"
EndProject
Project("{2150E333-8FDC-42A3-9474-1A3956D46DE8}") = "Application", "Application", "{FEC3583A-AC78-484B-8F31-BC4836B0F1F4}"
EndProject
Project("{2150E333-8FDC-42A3-9474-1A3956D46DE8}") = "Presentation", "Presentation", "{CE035F42-64BE-42FA-981C-9AD4079DB89F}"
EndProject
Project("{FAE04EC0-301F-11D3-BF4B-00C04F79EFBC}") = "BMS.Domain", "BMS.Domain\BMS.Domain.csproj", "{F5B9C7C2-E8A3-4A23-B962-AEA004082199}"
EndProject
Project("{FAE04EC0-301F-11D3-BF4B-00C04F79EFBC}") = "BMS.BlazorWasm", "BMS.BlazorWasm\BMS.BlazorWasm.csproj", "{18A279B3-9FD4-4B8F-ADAF-E8CA6184A0B5}"
EndProject
Global
	GlobalSection(SolutionConfigurationPlatforms) = preSolution
		Debug|Any CPU = Debug|Any CPU
		Release|Any CPU = Release|Any CPU
	EndGlobalSection
	GlobalSection(ProjectConfigurationPlatforms) = postSolution
		{B24229C3-F5D4-4DE4-8407-648ABC77D31F}.Debug|Any CPU.ActiveCfg = Debug|Any CPU
		{B24229C3-F5D4-4DE4-8407-648ABC77D31F}.Debug|Any CPU.Build.0 = Debug|Any CPU
		{B24229C3-F5D4-4DE4-8407-648ABC77D31F}.Release|Any CPU.ActiveCfg = Release|Any CPU
		{B24229C3-F5D4-4DE4-8407-648ABC77D31F}.Release|Any CPU.Build.0 = Release|Any CPU
		{7F5D3D93-86DD-4B9D-B562-DB9846874915}.Debug|Any CPU.ActiveCfg = Debug|Any CPU
		{7F5D3D93-86DD-4B9D-B562-DB9846874915}.Debug|Any CPU.Build.0 = Debug|Any CPU
		{7F5D3D93-86DD-4B9D-B562-DB9846874915}.Release|Any CPU.ActiveCfg = Release|Any CPU
		{7F5D3D93-86DD-4B9D-B562-DB9846874915}.Release|Any CPU.Build.0 = Release|Any CPU
		{B3C84262-FA9F-4945-80C6-610F39B7C177}.Debug|Any CPU.ActiveCfg = Debug|Any CPU
		{B3C84262-FA9F-4945-80C6-610F39B7C177}.Debug|Any CPU.Build.0 = Debug|Any CPU
		{B3C84262-FA9F-4945-80C6-610F39B7C177}.Release|Any CPU.ActiveCfg = Release|Any CPU
		{B3C84262-FA9F-4945-80C6-610F39B7C177}.Release|Any CPU.Build.0 = Release|Any CPU
		{9906F59B-896C-462F-B419-35C43F8A2A5E}.Debug|Any CPU.ActiveCfg = Debug|Any CPU
		{9906F59B-896C-462F-B419-35C43F8A2A5E}.Debug|Any CPU.Build.0 = Debug|Any CPU
		{9906F59B-896C-462F-B419-35C43F8A2A5E}.Release|Any CPU.ActiveCfg = Release|Any CPU
		{9906F59B-896C-462F-B419-35C43F8A2A5E}.Release|Any CPU.Build.0 = Release|Any CPU
		{F5B9C7C2-E8A3-4A23-B962-AEA004082199}.Debug|Any CPU.ActiveCfg = Debug|Any CPU
		{F5B9C7C2-E8A3-4A23-B962-AEA004082199}.Debug|Any CPU.Build.0 = Debug|Any CPU
		{F5B9C7C2-E8A3-4A23-B962-AEA004082199}.Release|Any CPU.ActiveCfg = Release|Any CPU
		{F5B9C7C2-E8A3-4A23-B962-AEA004082199}.Release|Any CPU.Build.0 = Release|Any CPU
		{18A279B3-9FD4-4B8F-ADAF-E8CA6184A0B5}.Debug|Any CPU.ActiveCfg = Debug|Any CPU
		{18A279B3-9FD4-4B8F-ADAF-E8CA6184A0B5}.Debug|Any CPU.Build.0 = Debug|Any CPU
		{18A279B3-9FD4-4B8F-ADAF-E8CA6184A0B5}.Release|Any CPU.ActiveCfg = Release|Any CPU
		{18A279B3-9FD4-4B8F-ADAF-E8CA6184A0B5}.Release|Any CPU.Build.0 = Release|Any CPU
	EndGlobalSection
	GlobalSection(SolutionProperties) = preSolution
		HideSolutionNode = FALSE
	EndGlobalSection
	GlobalSection(NestedProjects) = preSolution
		{B24229C3-F5D4-4DE4-8407-648ABC77D31F} = {CE035F42-64BE-42FA-981C-9AD4079DB89F}
		{7F5D3D93-86DD-4B9D-B562-DB9846874915} = {FEC3583A-AC78-484B-8F31-BC4836B0F1F4}
		{B3C84262-FA9F-4945-80C6-610F39B7C177} = {332F45ED-BD85-4976-873D-8C6FB57A7911}
		{9906F59B-896C-462F-B419-35C43F8A2A5E} = {CE035F42-64BE-42FA-981C-9AD4079DB89F}
		{F5B9C7C2-E8A3-4A23-B962-AEA004082199} = {5954FE76-772F-4D98-B1CC-FD4B04E8E0A1}
		{18A279B3-9FD4-4B8F-ADAF-E8CA6184A0B5} = {CE035F42-64BE-42FA-981C-9AD4079DB89F}
	EndGlobalSection
EndGlobal
